github.com/allegro/bigcache/v2 v2.2.5 h1:mRc8r6GQjuJsmSKQNPsR5jQVXc8IJ1xsW5YXUYMLfqI=
github.com/allegro/bigcache/v2 v2.2.5/go.mod h1:FppZsIO+IZk7gCuj5FiIDHGygD9xvWQcqg1uIPMb6tY=
github.com/matryer/is v1.4.0 h1:sosSmIWwkYITGrxZ25ULNDeKiMNzFSr4V/eqBQP0PeE=
github.com/matryer/is v1.4.0/go.mod h1:8I/i5uYgLzgsgEloJE1U6xx5HkBQpAZvepWuujKwMRU=
